<?xml version="1.0" encoding="utf-8"?>
<Project ToolsVersion="4.0" xmlns="http://schemas.microsoft.com/developer/msbuild/2003">
  <ItemGroup>
    <ClCompile Include="..\src\net\compactbinary.cpp">
      <Filter>Source Files</Filter>
    </ClCompile>
    <ClCompile Include="..\src\app\config.cxx">
      <Filter>Source Files</Filter>
    </ClCompile>
    <ClCompile Include="..\src\net\connection.cpp">
      <Filter>Source Files</Filter>
    </ClCompile>
    <ClCompile Include="..\external\src\ini\dictionary.c">
      <Filter>Source Files</Filter>
    </ClCompile>
    <ClCompile Include="..\src\net\http.cpp">
      <Filter>Source Files</Filter>
    </ClCompile>
    <ClCompile Include="..\external\src\ini\iniparser.c">
      <Filter>Source Files</Filter>
    </ClCompile>
    <ClCompile Include="..\external\src\json\jsoncpp.cpp">
      <Filter>Source Files</Filter>
    </ClCompile>
    <ClCompile Include="..\src\util\logger.cpp">
      <Filter>Source Files</Filter>
    </ClCompile>
    <ClCompile Include="..\src\db\mysql.cpp">
      <Filter>Source Files</Filter>
    </ClCompile>
    <ClCompile Include="..\src\db\postgres.cpp">
      <Filter>Source Files</Filter>
    </ClCompile>
    <ClCompile Include="..\src\app\s2hb-storage.cxx">
      <Filter>Source Files</Filter>
    </ClCompile>
    <ClCompile Include="..\src\app\s2h-session.cxx">
      <Filter>Source Files</Filter>
    </ClCompile>
    <ClCompile Include="..\src\app\server2hb.cxx">
      <Filter>Source Files</Filter>
    </ClCompile>
    <ClCompile Include="..\src\net\session.cpp">
      <Filter>Source Files</Filter>
    </ClCompile>
    <ClCompile Include="..\src\db\sqlite3.cpp">
      <Filter>Source Files</Filter>
    </ClCompile>
    <ClCompile Include="..\external\src\win\strptime.c">
      <Filter>Source Files</Filter>
    </ClCompile>
    <ClCompile Include="..\src\util\utils.cxx">
      <Filter>Source Files</Filter>
    </ClCompile>
    <ClCompile Include="..\src\net\geoip.cxx">
      <Filter>Source Files</Filter>
    </ClCompile>
    <ClCompile Include="..\src\net\mail.cxx">
      <Filter>Source Files</Filter>
    </ClCompile>
    <ClCompile Include="..\src\net\token.cxx">
      <Filter>Source Files</Filter>
    </ClCompile>
    <ClCompile Include="..\src\system\fastfile.cpp">
      <Filter>Source Files</Filter>
    </ClCompile>
  </ItemGroup>
  <ItemGroup>
    <ClInclude Include="..\include\util\autobuffer.h">
      <Filter>Header Files</Filter>
    </ClInclude>
    <ClInclude Include="..\include\net\compactbinary.h">
      <Filter>Header Files</Filter>
    </ClInclude>
    <ClInclude Include="..\include\app\config.h">
      <Filter>Header Files</Filter>
    </ClInclude>
    <ClInclude Include="..\include\net\connection.h">
      <Filter>Header Files</Filter>
    </ClInclude>
    <ClInclude Include="..\include\app\framework.h">
      <Filter>Header Files</Filter>
    </ClInclude>
    <ClInclude Include="..\include\net\http.h">
      <Filter>Header Files</Filter>
    </ClInclude>
    <ClInclude Include="..\include\util\logger.h">
      <Filter>Header Files</Filter>
    </ClInclude>
    <ClInclude Include="..\include\db\mysql.h">
      <Filter>Header Files</Filter>
    </ClInclude>
    <ClInclude Include="..\include\db\postgres.h">
      <Filter>Header Files</Filter>
    </ClInclude>
    <ClInclude Include="..\include\app\server2hb.h">
      <Filter>Header Files</Filter>
    </ClInclude>
    <ClInclude Include="..\include\net\session.h">
      <Filter>Header Files</Filter>
    </ClInclude>
    <ClInclude Include="..\include\db\sqlite3.h">
      <Filter>Header Files</Filter>
    </ClInclude>
    <ClInclude Include="..\include\util\utils.h">
      <Filter>Header Files</Filter>
    </ClInclude>
    <ClInclude Include="..\include\net\geoip.h">
      <Filter>Header Files</Filter>
    </ClInclude>
    <ClInclude Include="..\include\net\mail.h">
      <Filter>Header Files</Filter>
    </ClInclude>
    <ClInclude Include="..\include\net\token.h">
      <Filter>Header Files</Filter>
    </ClInclude>
    <ClInclude Include="..\include\util\profiler.h">
      <Filter>Header Files</Filter>
    </ClInclude>
    <ClInclude Include="..\include\system\fastfile.h">
      <Filter>Header Files</Filter>
    </ClInclude>
  </ItemGroup>
  <ItemGroup>
    <Filter Include="Header Files">
      <UniqueIdentifier>{9250c439-d778-4934-a110-21a8de959a84}</UniqueIdentifier>
      <Extensions>h;hh;hpp;hxx;hm;inl;inc;xsd</Extensions>
    </Filter>
    <Filter Include="Source Files">
      <UniqueIdentifier>{0dfe5697-a2af-444f-a1ce-60f2a4515bad}</UniqueIdentifier>
      <Extensions>cpp;c;cc;cxx;def;odl;idl;hpj;bat;asm;asmx</Extensions>
    </Filter>
  </ItemGroup>
</Project>